// !$*UTF8*$!
{
	archiveVersion = 1;
	classes = {
	};
	objectVersion = 77;
	objects = {

/* Begin PBXBuildFile section */
		DADF3DEA2D2776830041E330 /* RealityKitContent in Frameworks */ = {isa = PBXBuildFile; productRef = DADF3DE92D2776830041E330 /* RealityKitContent */; };
/* End PBXBuildFile section */

/* Begin PBXContainerItemProxy section */
		DADF3E002D2776850041E330 /* PBXContainerItemProxy */ = {
			isa = PBXContainerItemProxy;
			containerPortal = DADF3DDC2D2776830041E330 /* Project object */;
			proxyType = 1;
			remoteGlobalIDString = DADF3DE32D2776830041E330;
			remoteInfo = Blog3DCaptionNarrationStoryboard;
		};
/* End PBXContainerItemProxy section */

/* Begin PBXFileReference section */
		DADF3DE42D2776830041E330 /* Blog3DCaptionNarrationStoryboard.app */ = {isa = PBXFileReference; explicitFileType = wrapper.application; includeInIndex = 0; path = Blog3DCaptionNarrationStoryboard.app; sourceTree = BUILT_PRODUCTS_DIR; };
		DADF3DE82D2776830041E330 /* RealityKitContent */ = {isa = PBXFileReference; lastKnownFileType = wrapper; path = RealityKitContent; sourceTree = "<group>"; };
		DADF3DFF2D2776850041E330 /* Blog3DCaptionNarrationStoryboardTests.xctest */ = {isa = PBXFileReference; explicitFileType = wrapper.cfbundle; includeInIndex = 0; path = Blog3DCaptionNarrationStoryboardTests.xctest; sourceTree = BUILT_PRODUCTS_DIR; };
/* End PBXFileReference section */

/* Begin PBXFileSystemSynchronizedBuildFileExceptionSet section */
		DADF3E052D2776850041E330 /* Exceptions for "Blog3DCaptionNarrationStoryboard" folder in "Blog3DCaptionNarrationStoryboard" target */ = {
			isa = PBXFileSystemSynchronizedBuildFileExceptionSet;
			membershipExceptions = (
				Info.plist,
			);
			target = DADF3DE32D2776830041E330 /* Blog3DCaptionNarrationStoryboard */;
		};
/* End PBXFileSystemSynchronizedBuildFileExceptionSet section */

/* Begin PBXFileSystemSynchronizedRootGroup section */
		DADF3DE62D2776830041E330 /* Blog3DCaptionNarrationStoryboard */ = {
			isa = PBXFileSystemSynchronizedRootGroup;
			exceptions = (
				DADF3E052D2776850041E330 /* Exceptions for "Blog3DCaptionNarrationStoryboard" folder in "Blog3DCaptionNarrationStoryboard" target */,
			);
			path = Blog3DCaptionNarrationStoryboard;
			sourceTree = "<group>";
		};
		DADF3E022D2776850041E330 /* Blog3DCaptionNarrationStoryboardTests */ = {
			isa = PBXFileSystemSynchronizedRootGroup;
			path = Blog3DCaptionNarrationStoryboardTests;
			sourceTree = "<group>";
		};
/* End PBXFileSystemSynchronizedRootGroup section */

/* Begin PBXFrameworksBuildPhase section */
		DADF3DE12D2776830041E330 /* Frameworks */ = {
			isa = PBXFrameworksBuildPhase;
			buildActionMask = 2147483647;
			files = (
				DADF3DEA2D2776830041E330 /* RealityKitContent in Frameworks */,
			);
			runOnlyForDeploymentPostprocessing = 0;
		};
		DADF3DFC2D2776850041E330 /* Frameworks */ = {
			isa = PBXFrameworksBuildPhase;
			buildActionMask = 2147483647;
			files = (
			);
			runOnlyForDeploymentPostprocessing = 0;
		};
/* End PBXFrameworksBuildPhase section */

/* Begin PBXGroup section */
		DADF3DDB2D2776830041E330 = {
			isa = PBXGroup;
			children = (
				DADF3DE62D2776830041E330 /* Blog3DCaptionNarrationStoryboard */,
				DADF3DE72D2776830041E330 /* Packages */,
				DADF3E022D2776850041E330 /* Blog3DCaptionNarrationStoryboardTests */,
				DADF3DE52D2776830041E330 /* Products */,
			);
			sourceTree = "<group>";
		};
		DADF3DE52D2776830041E330 /* Products */ = {
			isa = PBXGroup;
			children = (
				DADF3DE42D2776830041E330 /* Blog3DCaptionNarrationStoryboard.app */,
				DADF3DFF2D2776850041E330 /* Blog3DCaptionNarrationStoryboardTests.xctest */,
			);
			name = Products;
			sourceTree = "<group>";
		};
		DADF3DE72D2776830041E330 /* Packages */ = {
			isa = PBXGroup;
			children = (
				DADF3DE82D2776830041E330 /* RealityKitContent */,
			);
			path = Packages;
			sourceTree = "<group>";
		};
/* End PBXGroup section */

/* Begin PBXNativeTarget section */
		DADF3DE32D2776830041E330 /* Blog3DCaptionNarrationStoryboard */ = {
			isa = PBXNativeTarget;
			buildConfigurationList = DADF3E062D2776850041E330 /* Build configuration list for PBXNativeTarget "Blog3DCaptionNarrationStoryboard" */;
			buildPhases = (
				DADF3DE02D2776830041E330 /* Sources */,
				DADF3DE12D2776830041E330 /* Frameworks */,
				DADF3DE22D2776830041E330 /* Resources */,
			);
			buildRules = (
			);
			dependencies = (
			);
			fileSystemSynchronizedGroups = (
				DADF3DE62D2776830041E330 /* Blog3DCaptionNarrationStoryboard */,
			);
			name = Blog3DCaptionNarrationStoryboard;
			packageProductDependencies = (
				DADF3DE92D2776830041E330 /* RealityKitContent */,
			);
			productName = Blog3DCaptionNarrationStoryboard;
			productReference = DADF3DE42D2776830041E330 /* Blog3DCaptionNarrationStoryboard.app */;
			productType = "com.apple.product-type.application";
		};
		DADF3DFE2D2776850041E330 /* Blog3DCaptionNarrationStoryboardTests */ = {
			isa = PBXNativeTarget;
			buildConfigurationList = DADF3E0B2D2776850041E330 /* Build configuration list for PBXNativeTarget "Blog3DCaptionNarrationStoryboardTests" */;
			buildPhases = (
				DADF3DFB2D2776850041E330 /* Sources */,
				DADF3DFC2D2776850041E330 /* Frameworks */,
				DADF3DFD2D2776850041E330 /* Resources */,
			);
			buildRules = (
			);
			dependencies = (
				DADF3E012D2776850041E330 /* PBXTargetDependency */,
			);
			fileSystemSynchronizedGroups = (
				DADF3E022D2776850041E330 /* Blog3DCaptionNarrationStoryboardTests */,
			);
			name = Blog3DCaptionNarrationStoryboardTests;
			packageProductDependencies = (
			);
			productName = Blog3DCaptionNarrationStoryboardTests;
			productReference = DADF3DFF2D2776850041E330 /* Blog3DCaptionNarrationStoryboardTests.xctest */;
			productType = "com.apple.product-type.bundle.unit-test";
		};
/* End PBXNativeTarget section */

/* Begin PBXProject section */
		DADF3DDC2D2776830041E330 /* Project object */ = {
			isa = PBXProject;
			attributes = {
				BuildIndependentTargetsInParallel = 1;
				LastSwiftUpdateCheck = 1620;
				LastUpgradeCheck = 1620;
				TargetAttributes = {
					DADF3DE32D2776830041E330 = {
						CreatedOnToolsVersion = 16.2;
					};
					DADF3DFE2D2776850041E330 = {
						CreatedOnToolsVersion = 16.2;
						TestTargetID = DADF3DE32D2776830041E330;
					};
				};
			};
			buildConfigurationList = DADF3DDF2D2776830041E330 /* Build configuration list for PBXProject "Blog3DCaptionNarrationStoryboard" */;
			developmentRegion = en;
			hasScannedForEncodings = 0;
			knownRegions = (
				en,
				Base,
			);
			mainGroup = DADF3DDB2D2776830041E330;
			minimizedProjectReferenceProxies = 1;
			preferredProjectObjectVersion = 77;
			productRefGroup = DADF3DE52D2776830041E330 /* Products */;
			projectDirPath = "";
			projectRoot = "";
			targets = (
				DADF3DE32D2776830041E330 /* Blog3DCaptionNarrationStoryboard */,
				DADF3DFE2D2776850041E330 /* Blog3DCaptionNarrationStoryboardTests */,
			);
		};
/* End PBXProject section */

/* Begin PBXResourcesBuildPhase section */
		DADF3DE22D2776830041E330 /* Resources */ = {
			isa = PBXResourcesBuildPhase;
			buildActionMask = 2147483647;
			files = (
			);
			runOnlyForDeploymentPostprocessing = 0;
		};
		DADF3DFD2D2776850041E330 /* Resources */ = {
			isa = PBXResourcesBuildPhase;
			buildActionMask = 2147483647;
			files = (
			);
			runOnlyForDeploymentPostprocessing = 0;
		};
/* End PBXResourcesBuildPhase section */

/* Begin PBXSourcesBuildPhase section */
		DADF3DE02D2776830041E330 /* Sources */ = {
			isa = PBXSourcesBuildPhase;
			buildActionMask = 2147483647;
			files = (
			);
			runOnlyForDeploymentPostprocessing = 0;
		};
		DADF3DFB2D2776850041E330 /* Sources */ = {
			isa = PBXSourcesBuildPhase;
			buildActionMask = 2147483647;
			files = (
			);
			runOnlyForDeploymentPostprocessing = 0;
		};
/* End PBXSourcesBuildPhase section */

/* Begin PBXTargetDependency section */
		DADF3E012D2776850041E330 /* PBXTargetDependency */ = {
			isa = PBXTargetDependency;
			target = DADF3DE32D2776830041E330 /* Blog3DCaptionNarrationStoryboard */;
			targetProxy = DADF3E002D2776850041E330 /* PBXContainerItemProxy */;
		};
/* End PBXTargetDependency section */

/* Begin XCBuildConfiguration section */
		DADF3E072D2776850041E330 /* Debug */ = {
			isa = XCBuildConfiguration;
			buildSettings = {
				ASSETCATALOG_COMPILER_APPICON_NAME = AppIcon;
				ASSETCATALOG_COMPILER_GLOBAL_ACCENT_COLOR_NAME = AccentColor;
				CODE_SIGN_STYLE = Automatic;
				CURRENT_PROJECT_VERSION = 1;
				DEVELOPMENT_ASSET_PATHS = "\"Blog3DCaptionNarrationStoryboard/Preview Content\"";
				DEVELOPMENT_TEAM = "";
				ENABLE_PREVIEWS = YES;
				GENERATE_INFOPLIST_FILE = YES;
				INFOPLIST_FILE = "$(TARGET_NAME)/Info.plist";
				LD_RUNPATH_SEARCH_PATHS = (
					"$(inherited)",
					"@executable_path/Frameworks",
				);
				MARKETING_VERSION = 1.0;
				PRODUCT_BUNDLE_IDENTIFIER = com.example.Blog3DCaptionNarrationStoryboard;
				PRODUCT_NAME = "$(TARGET_NAME)";
				SUPPORTED_PLATFORMS = "xros xrsimulator";
				SWIFT_EMIT_LOC_STRINGS = YES;
				SWIFT_VERSION = 5.0;
				TARGETED_DEVICE_FAMILY = 7;
			};
			name = Debug;
		};
		DADF3E082D2776850041E330 /* Release */ = {
			isa = XCBuildConfiguration;
			buildSettings = {
				ASSETCATALOG_COMPILER_APPICON_NAME = AppIcon;
				ASSETCATALOG_COMPILER_GLOBAL_ACCENT_COLOR_NAME = AccentColor;
				CODE_SIGN_STYLE = Automatic;
				CURRENT_PROJECT_VERSION = 1;
				DEVELOPMENT_ASSET_PATHS = "\"Blog3DCaptionNarrationStoryboard/Preview Content\"";
				DEVELOPMENT_TEAM = "";
				ENABLE_PREVIEWS = YES;
				GENERATE_INFOPLIST_FILE = YES;
				INFOPLIST_FILE = "$(TARGET_NAME)/Info.plist";
				LD_RUNPATH_SEARCH_PATHS = (
					"$(inherited)",
					"@executable_path/Frameworks",
				);
				MARKETING_VERSION = 1.0;
				PRODUCT_BUNDLE_IDENTIFIER = com.example.Blog3DCaptionNarrationStoryboard;
				PRODUCT_NAME = "$(TARGET_NAME)";
				SUPPORTED_PLATFORMS = "xros xrsimulator";
				SWIFT_EMIT_LOC_STRINGS = YES;
				SWIFT_VERSION = 5.0;
				TARGETED_DEVICE_FAMILY = 7;
			};
			name = Release;
		};
		DADF3E092D2776850041E330 /* Debug */ = {
			isa = XCBuildConfiguration;
			buildSettings = {
				ALWAYS_SEARCH_USER_PATHS = NO;
				ASSETCATALOG_COMPILER_GENERATE_SWIFT_ASSET_SYMBOL_EXTENSIONS = YES;
				CLANG_ANALYZER_NONNULL = YES;
				CLANG_ANALYZER_NUMBER_OBJECT_CONVERSION = YES_AGGRESSIVE;
				CLANG_CXX_LANGUAGE_STANDARD = "gnu++20";
				CLANG_ENABLE_MODULES = YES;
				CLANG_ENABLE_OBJC_ARC = YES;
				CLANG_ENABLE_OBJC_WEAK = YES;
				CLANG_WARN_BLOCK_CAPTURE_AUTORELEASING = YES;
				CLANG_WARN_BOOL_CONVERSION = YES;
				CLANG_WARN_COMMA = YES;
				CLANG_WARN_CONSTANT_CONVERSION = YES;
				CLANG_WARN_DEPRECATED_OBJC_IMPLEMENTATIONS = YES;
				CLANG_WARN_DIRECT_OBJC_ISA_USAGE = YES_ERROR;
				CLANG_WARN_DOCUMENTATION_COMMENTS = YES;
				CLANG_WARN_EMPTY_BODY = YES;
				CLANG_WARN_ENUM_CONVERSION = YES;
				CLANG_WARN_INFINITE_RECURSION = YES;
				CLANG_WARN_INT_CONVERSION = YES;
				CLANG_WARN_NON_LITERAL_NULL_CONVERSION = YES;
				CLANG_WARN_OBJC_IMPLICIT_RETAIN_SELF = YES;
				CLANG_WARN_OBJC_LITERAL_CONVERSION = YES;
				CLANG_WARN_OBJC_ROOT_CLASS = YES_ERROR;
				CLANG_WARN_QUOTED_INCLUDE_IN_FRAMEWORK_HEADER = YES;
				CLANG_WARN_RANGE_LOOP_ANALYSIS = YES;
				CLANG_WARN_STRICT_PROTOTYPES = YES;
				CLANG_WARN_SUSPICIOUS_MOVE = YES;
				CLANG_WARN_UNGUARDED_AVAILABILITY = YES_AGGRESSIVE;
				CLANG_WARN_UNREACHABLE_CODE = YES;
				CLANG_WARN__DUPLICATE_METHOD_MATCH = YES;
				COPY_PHASE_STRIP = NO;
				DEBUG_INFORMATION_FORMAT = dwarf;
				ENABLE_STRICT_OBJC_MSGSEND = YES;
				ENABLE_TESTABILITY = YES;
				ENABLE_USER_SCRIPT_SANDBOXING = YES;
				GCC_C_LANGUAGE_STANDARD = gnu17;
				GCC_DYNAMIC_NO_PIC = NO;
				GCC_NO_COMMON_BLOCKS = YES;
				GCC_OPTIMIZATION_LEVEL = 0;
				GCC_PREPROCESSOR_DEFINITIONS = (
					"DEBUG=1",
					"$(inherited)",
				);
				GCC_WARN_64_TO_32_BIT_CONVERSION = YES;
				GCC_WARN_ABOUT_RETURN_TYPE = YES_ERROR;
				GCC_WARN_UNDECLARED_SELECTOR = YES;
				GCC_WARN_UNINITIALIZED_AUTOS = YES_AGGRESSIVE;
				GCC_WARN_UNUSED_FUNCTION = YES;
				GCC_WARN_UNUSED_VARIABLE = YES;
				LOCALIZATION_PREFERS_STRING_CATALOGS = YES;
				MTL_ENABLE_DEBUG_INFO = INCLUDE_SOURCE;
				MTL_FAST_MATH = YES;
				ONLY_ACTIVE_ARCH = YES;
				SDKROOT = xros;
				SWIFT_ACTIVE_COMPILATION_CONDITIONS = "DEBUG $(inherited)";
				SWIFT_OPTIMIZATION_LEVEL = "-Onone";
				XROS_DEPLOYMENT_TARGET = 2.2;
			};
			name = Debug;
		};
		DADF3E0A2D2776850041E330 /* Release */ = {
			isa = XCBuildConfiguration;
			buildSettings = {
				ALWAYS_SEARCH_USER_PATHS = NO;
				ASSETCATALOG_COMPILER_GENERATE_SWIFT_ASSET_SYMBOL_EXTENSIONS = YES;
				CLANG_ANALYZER_NONNULL = YES;
				CLANG_ANALYZER_NUMBER_OBJECT_CONVERSION = YES_AGGRESSIVE;
				CLANG_CXX_LANGUAGE_STANDARD = "gnu++20";
				CLANG_ENABLE_MODULES = YES;
				CLANG_ENABLE_OBJC_ARC = YES;
				CLANG_ENABLE_OBJC_WEAK = YES;
				CLANG_WARN_BLOCK_CAPTURE_AUTORELEASING = YES;
				CLANG_WARN_BOOL_CONVERSION = YES;
				CLANG_WARN_COMMA = YES;
				CLANG_WARN_CONSTANT_CONVERSION = YES;
				CLANG_WARN_DEPRECATED_OBJC_IMPLEMENTATIONS = YES;
				CLANG_WARN_DIRECT_OBJC_ISA_USAGE = YES_ERROR;
				CLANG_WARN_DOCUMENTATION_COMMENTS = YES;
				CLANG_WARN_EMPTY_BODY = YES;
				CLANG_WARN_ENUM_CONVERSION = YES;
				CLANG_WARN_INFINITE_RECURSION = YES;
				CLANG_WARN_INT_CONVERSION = YES;
				CLANG_WARN_NON_LITERAL_NULL_CONVERSION = YES;
				CLANG_WARN_OBJC_IMPLICIT_RETAIN_SELF = YES;
				CLANG_WARN_OBJC_LITERAL_CONVERSION = YES;
				CLANG_WARN_OBJC_ROOT_CLASS = YES_ERROR;
				CLANG_WARN_QUOTED_INCLUDE_IN_FRAMEWORK_HEADER = YES;
				CLANG_WARN_RANGE_LOOP_ANALYSIS = YES;
				CLANG_WARN_STRICT_PROTOTYPES = YES;
				CLANG_WARN_SUSPICIOUS_MOVE = YES;
				CLANG_WARN_UNGUARDED_AVAILABILITY = YES_AGGRESSIVE;
				CLANG_WARN_UNREACHABLE_CODE = YES;
				CLANG_WARN__DUPLICATE_METHOD_MATCH = YES;
				COPY_PHASE_STRIP = NO;
				DEBUG_INFORMATION_FORMAT = "dwarf-with-dsym";
				ENABLE_NS_ASSERTIONS = NO;
				ENABLE_STRICT_OBJC_MSGSEND = YES;
				ENABLE_USER_SCRIPT_SANDBOXING = YES;
				GCC_C_LANGUAGE_STANDARD = gnu17;
				GCC_NO_COMMON_BLOCKS = YES;
				GCC_WARN_64_TO_32_BIT_CONVERSION = YES;
				GCC_WARN_ABOUT_RETURN_TYPE = YES_ERROR;
				GCC_WARN_UNDECLARED_SELECTOR = YES;
				GCC_WARN_UNINITIALIZED_AUTOS = YES_AGGRESSIVE;
				GCC_WARN_UNUSED_FUNCTION = YES;
				GCC_WARN_UNUSED_VARIABLE = YES;
				LOCALIZATION_PREFERS_STRING_CATALOGS = YES;
				MTL_ENABLE_DEBUG_INFO = NO;
				MTL_FAST_MATH = YES;
				SDKROOT = xros;
				SWIFT_COMPILATION_MODE = wholemodule;
				VALIDATE_PRODUCT = YES;
				XROS_DEPLOYMENT_TARGET = 2.2;
			};
			name = Release;
		};
		DADF3E0C2D2776850041E330 /* Debug */ = {
			isa = XCBuildConfiguration;
			buildSettings = {
				BUNDLE_LOADER = "$(TEST_HOST)";
				CODE_SIGN_STYLE = Automatic;
				CURRENT_PROJECT_VERSION = 1;
				DEVELOPMENT_TEAM = VXZ447JDLB;
				GENERATE_INFOPLIST_FILE = YES;
				MARKETING_VERSION = 1.0;
				PRODUCT_BUNDLE_IDENTIFIER = com.example.Blog3DCaptionNarrationStoryboardTests;
				PRODUCT_NAME = "$(TARGET_NAME)";
				SUPPORTED_PLATFORMS = "xros xrsimulator";
				SWIFT_EMIT_LOC_STRINGS = NO;
				SWIFT_VERSION = 5.0;
				TARGETED_DEVICE_FAMILY = 7;
				TEST_HOST = "$(BUILT_PRODUCTS_DIR)/Blog3DCaptionNarrationStoryboard.app/$(BUNDLE_EXECUTABLE_FOLDER_PATH)/Blog3DCaptionNarrationStoryboard";
				XROS_DEPLOYMENT_TARGET = 2.2;
			};
			name = Debug;
		};
		DADF3E0D2D2776850041E330 /* Release */ = {
			isa = XCBuildConfiguration;
			buildSettings = {
				BUNDLE_LOADER = "$(TEST_HOST)";
				CODE_SIGN_STYLE = Automatic;
				CURRENT_PROJECT_VERSION = 1;
				DEVELOPMENT_TEAM = VXZ447JDLB;
				GENERATE_INFOPLIST_FILE = YES;
				MARKETING_VERSION = 1.0;
				PRODUCT_BUNDLE_IDENTIFIER = com.example.Blog3DCaptionNarrationStoryboardTests;
				PRODUCT_NAME = "$(TARGET_NAME)";
				SUPPORTED_PLATFORMS = "xros xrsimulator";
				SWIFT_EMIT_LOC_STRINGS = NO;
				SWIFT_VERSION = 5.0;
				TARGETED_DEVICE_FAMILY = 7;
				TEST_HOST = "$(BUILT_PRODUCTS_DIR)/Blog3DCaptionNarrationStoryboard.app/$(BUNDLE_EXECUTABLE_FOLDER_PATH)/Blog3DCaptionNarrationStoryboard";
				XROS_DEPLOYMENT_TARGET = 2.2;
			};
			name = Release;
		};
/* End XCBuildConfiguration section */

/* Begin XCConfigurationList section */
		DADF3DDF2D2776830041E330 /* Build configuration list for PBXProject "Blog3DCaptionNarrationStoryboard" */ = {
			isa = XCConfigurationList;
			buildConfigurations = (
				DADF3E092D2776850041E330 /* Debug */,
				DADF3E0A2D2776850041E330 /* Release */,
			);
			defaultConfigurationIsVisible = 0;
			defaultConfigurationName = Release;
		};
		DADF3E062D2776850041E330 /* Build configuration list for PBXNativeTarget "Blog3DCaptionNarrationStoryboard" */ = {
			isa = XCConfigurationList;
			buildConfigurations = (
				DADF3E072D2776850041E330 /* Debug */,
				DADF3E082D2776850041E330 /* Release */,
			);
			defaultConfigurationIsVisible = 0;
			defaultConfigurationName = Release;
		};
		DADF3E0B2D2776850041E330 /* Build configuration list for PBXNativeTarget "Blog3DCaptionNarrationStoryboardTests" */ = {
			isa = XCConfigurationList;
			buildConfigurations = (
				DADF3E0C2D2776850041E330 /* Debug */,
				DADF3E0D2D2776850041E330 /* Release */,
			);
			defaultConfigurationIsVisible = 0;
			defaultConfigurationName = Release;
		};
/* End XCConfigurationList section */

/* Begin XCSwiftPackageProductDependency section */
		DADF3DE92D2776830041E330 /* RealityKitContent */ = {
			isa = XCSwiftPackageProductDependency;
			productName = RealityKitContent;
		};
/* End XCSwiftPackageProductDependency section */
	};
	rootObject = DADF3DDC2D2776830041E330 /* Project object */;
}
